{
  "name": "gymGenerator",
  "lockfileVersion": 3,
  "requires": true,
  "packages": {
    "": {
      "dependencies": {
        "bin": "^0.0.0"
      }
    },
    "node_modules/bin": {
      "version": "0.0.0",
      "resolved": "https://registry.npmjs.org/bin/-/bin-0.0.0.tgz",
      "integrity": "sha512-YS1yHwzR3aTtQZTD4jbJyaPo0Ku6hHEyYHI7BXbR8WnG++W4N8xEjJ0l4tzq+EQfu2g3XDqzXilbQRR5JBrPCg==",
      "engines": {
        "node": "*"
      }
    }
  }
}
